
Microsoft Visual Studio Solution File, Format Version 12.00
# Visual Studio 15
VisualStudioVersion = 15.0.26730.12
MinimumVisualStudioVersion = 10.0.40219.1
Project("{9A19103F-16F7-4668-BE54-9A1E7A4F7556}") = "GH.MongoDb.GenericRepository", "GH.MongoDb.GenericRepository.csproj", "{6737AD2A-2CAC-45AF-A33B-8F616703D6F3}"
EndProject
Project("{FAE04EC0-301F-11D3-BF4B-00C04F79EFBC}") = "GH.MongoDb.GenericRepository.Test", "..\GH.MongoDb.GenericRepository.Test\GH.MongoDb.GenericRepository.Test.csproj", "{EBF19BA7-E23F-4622-9122-74D0008B7A27}"
EndProject
Global
	GlobalSection(SolutionConfigurationPlatforms) = preSolution
		Debug|Any CPU = Debug|Any CPU
		Release|Any CPU = Release|Any CPU
	EndGlobalSection
	GlobalSection(ProjectConfigurationPlatforms) = postSolution
		{6737AD2A-2CAC-45AF-A33B-8F616703D6F3}.Debug|Any CPU.ActiveCfg = Debug|Any CPU
		{6737AD2A-2CAC-45AF-A33B-8F616703D6F3}.Debug|Any CPU.Build.0 = Debug|Any CPU
		{6737AD2A-2CAC-45AF-A33B-8F616703D6F3}.Release|Any CPU.ActiveCfg = Release|Any CPU
		{6737AD2A-2CAC-45AF-A33B-8F616703D6F3}.Release|Any CPU.Build.0 = Release|Any CPU
		{EBF19BA7-E23F-4622-9122-74D0008B7A27}.Debug|Any CPU.ActiveCfg = Debug|Any CPU
		{EBF19BA7-E23F-4622-9122-74D0008B7A27}.Debug|Any CPU.Build.0 = Debug|Any CPU
		{EBF19BA7-E23F-4622-9122-74D0008B7A27}.Release|Any CPU.ActiveCfg = Release|Any CPU
		{EBF19BA7-E23F-4622-9122-74D0008B7A27}.Release|Any CPU.Build.0 = Release|Any CPU
	EndGlobalSection
	GlobalSection(SolutionProperties) = preSolution
		HideSolutionNode = FALSE
	EndGlobalSection
	GlobalSection(ExtensibilityGlobals) = postSolution
		SolutionGuid = {E353B7B7-ABB0-4116-8382-CEAF6F90A726}
	EndGlobalSection
EndGlobal
